
Microsoft Visual Studio Solution File, Format Version 12.00
# Visual Studio Version 17
VisualStudioVersion = 17.6.33815.320
MinimumVisualStudioVersion = 10.0.40219.1
Project("{FAE04EC0-301F-11D3-BF4B-00C04F79EFBC}") = "HouseRentingSystem", "HouseRentingSystem\HouseRentingSystem.csproj", "{CF5C141F-F2FB-4CE9-BFF6-2B8122C3606A}"
EndProject
Global
	GlobalSection(SolutionConfigurationPlatforms) = preSolution
		Debug|Any CPU = Debug|Any CPU
		Release|Any CPU = Release|Any CPU
	EndGlobalSection
	GlobalSection(ProjectConfigurationPlatforms) = postSolution
		{CF5C141F-F2FB-4CE9-BFF6-2B8122C3606A}.Debug|Any CPU.ActiveCfg = Debug|Any CPU
		{CF5C141F-F2FB-4CE9-BFF6-2B8122C3606A}.Debug|Any CPU.Build.0 = Debug|Any CPU
		{CF5C141F-F2FB-4CE9-BFF6-2B8122C3606A}.Release|Any CPU.ActiveCfg = Release|Any CPU
		{CF5C141F-F2FB-4CE9-BFF6-2B8122C3606A}.Release|Any CPU.Build.0 = Release|Any CPU
	EndGlobalSection
	GlobalSection(SolutionProperties) = preSolution
		HideSolutionNode = FALSE
	EndGlobalSection
	GlobalSection(ExtensibilityGlobals) = postSolution
		SolutionGuid = {7193088E-6DD1-4F83-882E-0626F83B430F}
	EndGlobalSection
EndGlobal
